schema: '2.0'
stages:
  data_ingestion:
    cmd: python src/data/data_ingestion.py
    deps:
    - path: src/data/data_ingestion.py
      hash: md5
      md5: aee0db8ebbf0289c59c5dc4c0565b8b6
      size: 5508
    params:
      params.yaml:
        data_ingestion.test_size: 0.2
    outs:
    - path: data/raw
      hash: md5
      md5: b855e2bab4e21078d44844fee5be9da3.dir
      size: 6882906
      nfiles: 2
  data_preprocessing:
    cmd: python src/data/data_preprocessing.py
    deps:
    - path: data/raw/test.csv
      hash: md5
      md5: 295b88d81555e67a857db0337244e118
      size: 1341252
    - path: data/raw/train.csv
      hash: md5
      md5: 70faef66e6135c49f7f02db4a55e9fdd
      size: 5541654
    - path: src/data/data_preprocessing.py
      hash: md5
      md5: f997a07ec5d812b43a2bfa7ca740e7a0
      size: 3715
    outs:
    - path: data/interim
      hash: md5
      md5: a2bbccdc23dd271231099f8d5c99ff87.dir
      size: 5098055
      nfiles: 2
  model_building:
    cmd: python src/model/model_building.py
    deps:
    - path: data/interim/train_processed.csv
      hash: md5
      md5: 86284f4698366b0f2ee05c211c0e9453
      size: 4104889
    - path: src/model/model_building.py
      hash: md5
      md5: 7535a489e792c486bd48d008c4e673c4
      size: 5474
    params:
      params.yaml:
        model_building.learning_rate: 0.09
        model_building.max_depth: 20
        model_building.max_features: 1000
        model_building.n_estimators: 367
        model_building.ngram_range:
        - 1
        - 3
    outs:
    - path: lgbm_model.pkl
      hash: md5
      md5: b06e61e0790fc79059971a4ed2447972
      size: 3886847
    - path: tfidf_vectorizer.pkl
      hash: md5
      md5: fead633e82959f549dcfa8cb56edd085
      size: 36873
  model_evaluation:
    cmd: python src/model/model_evaluation.py
    deps:
    - path: data/interim/test_processed.csv
      hash: md5
      md5: 4f30375397ec89fead1745ee6d70f201
      size: 1000526
    - path: data/interim/train_processed.csv
      hash: md5
      md5: 35027dfda8274bd9356544f2ff358aa4
      size: 4134324
    - path: lgbm_model.pkl
      hash: md5
      md5: feb66a4153c18043a06d474208c661bf
      size: 3886723
    - path: src/model/model_evaluation.py
      hash: md5
      md5: 2eca7ba9e7e434c2f12ee9fa2188e918
      size: 7168
    - path: tfidf_vectorizer.pkl
      hash: md5
      md5: 0fef1cfab7f15ebae4d8d21e5253f1be
      size: 36874
    outs:
    - path: experiment_info.json
      hash: md5
      md5: 6de69f257408e2d22dbe0e092f9c95a9
      size: 87
  model_registration:
    cmd: python src/model/register_model.py
    deps:
    - path: experiment_info.json
      hash: md5
      md5: 6de69f257408e2d22dbe0e092f9c95a9
      size: 87
    - path: src/model/register_model.py
      hash: md5
      md5: 79b2ad47909a81a7f451addd10ab58f5
      size: 2427
